
Microsoft Visual Studio Solution File, Format Version 12.00
# Visual Studio 15
VisualStudioVersion = 15.0.28307.645
MinimumVisualStudioVersion = 10.0.40219.1
Project("{F2A71F9B-5D33-465A-A702-920D77279786}") = "BoolFuncs", "BoolFuncs\BoolFuncs.fsproj", "{EE1B5819-D928-46A0-908D-7A7486B23792}"
EndProject
Global
	GlobalSection(SolutionConfigurationPlatforms) = preSolution
		Debug|Any CPU = Debug|Any CPU
		Release|Any CPU = Release|Any CPU
	EndGlobalSection
	GlobalSection(ProjectConfigurationPlatforms) = postSolution
		{EE1B5819-D928-46A0-908D-7A7486B23792}.Debug|Any CPU.ActiveCfg = Debug|Any CPU
		{EE1B5819-D928-46A0-908D-7A7486B23792}.Debug|Any CPU.Build.0 = Debug|Any CPU
		{EE1B5819-D928-46A0-908D-7A7486B23792}.Release|Any CPU.ActiveCfg = Release|Any CPU
		{EE1B5819-D928-46A0-908D-7A7486B23792}.Release|Any CPU.Build.0 = Release|Any CPU
	EndGlobalSection
	GlobalSection(SolutionProperties) = preSolution
		HideSolutionNode = FALSE
	EndGlobalSection
	GlobalSection(ExtensibilityGlobals) = postSolution
		SolutionGuid = {C0A1C41F-9C77-48A1-9214-F95914727DDB}
	EndGlobalSection
EndGlobal
