
Microsoft Visual Studio Solution File, Format Version 12.00
# Visual Studio 15
VisualStudioVersion = 15.0.28307.645
MinimumVisualStudioVersion = 10.0.40219.1
Project("{F2A71F9B-5D33-465A-A702-920D77279786}") = "MatchExpressions", "MatchExpressions\MatchExpressions.fsproj", "{9DF1255D-295D-4CFB-A2AE-84C828A074C2}"
EndProject
Global
	GlobalSection(SolutionConfigurationPlatforms) = preSolution
		Debug|Any CPU = Debug|Any CPU
		Release|Any CPU = Release|Any CPU
	EndGlobalSection
	GlobalSection(ProjectConfigurationPlatforms) = postSolution
		{9DF1255D-295D-4CFB-A2AE-84C828A074C2}.Debug|Any CPU.ActiveCfg = Debug|Any CPU
		{9DF1255D-295D-4CFB-A2AE-84C828A074C2}.Debug|Any CPU.Build.0 = Debug|Any CPU
		{9DF1255D-295D-4CFB-A2AE-84C828A074C2}.Release|Any CPU.ActiveCfg = Release|Any CPU
		{9DF1255D-295D-4CFB-A2AE-84C828A074C2}.Release|Any CPU.Build.0 = Release|Any CPU
	EndGlobalSection
	GlobalSection(SolutionProperties) = preSolution
		HideSolutionNode = FALSE
	EndGlobalSection
	GlobalSection(ExtensibilityGlobals) = postSolution
		SolutionGuid = {2473BD84-7256-49B6-A944-8187A78B65D7}
	EndGlobalSection
EndGlobal
